
Microsoft Visual Studio Solution File, Format Version 12.00
# Visual Studio 14
VisualStudioVersion = 14.0.25420.1
MinimumVisualStudioVersion = 10.0.40219.1
Project("{FAE04EC0-301F-11D3-BF4B-00C04F79EFBC}") = "HTTPClient", "HTTPClient\HTTPClient.csproj", "{ECAF3366-2484-4DE5-8EC2-B4A49FC3E982}"
EndProject
Global
	GlobalSection(SolutionConfigurationPlatforms) = preSolution
		Debug|Any CPU = Debug|Any CPU
		Release|Any CPU = Release|Any CPU
	EndGlobalSection
	GlobalSection(ProjectConfigurationPlatforms) = postSolution
		{ECAF3366-2484-4DE5-8EC2-B4A49FC3E982}.Debug|Any CPU.ActiveCfg = Debug|Any CPU
		{ECAF3366-2484-4DE5-8EC2-B4A49FC3E982}.Debug|Any CPU.Build.0 = Debug|Any CPU
		{ECAF3366-2484-4DE5-8EC2-B4A49FC3E982}.Release|Any CPU.ActiveCfg = Release|Any CPU
		{ECAF3366-2484-4DE5-8EC2-B4A49FC3E982}.Release|Any CPU.Build.0 = Release|Any CPU
	EndGlobalSection
	GlobalSection(SolutionProperties) = preSolution
		HideSolutionNode = FALSE
	EndGlobalSection
EndGlobal
